
Microsoft Visual Studio Solution File, Format Version 12.00
# Visual Studio Version 16
VisualStudioVersion = 16.0.30320.27
MinimumVisualStudioVersion = 10.0.40219.1
Project("{FAE04EC0-301F-11D3-BF4B-00C04F79EFBC}") = "ConsoleApp", "ConsoleApp\ConsoleApp.csproj", "{645AA73D-1D5A-410C-B44F-F12F7E239D63}"
EndProject
Project("{E24C65DC-7377-472B-9ABA-BC803B73C61A}") = "AngularCrud", "AngularCrud\", "{3FA8FAD8-1CD4-45E7-A06D-316DB6156497}"
	ProjectSection(WebsiteProperties) = preProject
		TargetFrameworkMoniker = ".NETFramework,Version%3Dv4.0"
		Debug.AspNetCompiler.VirtualPath = "/localhost_60507"
		Debug.AspNetCompiler.PhysicalPath = "AngularCrud\"
		Debug.AspNetCompiler.TargetPath = "PrecompiledWeb\localhost_60507\"
		Debug.AspNetCompiler.Updateable = "true"
		Debug.AspNetCompiler.ForceOverwrite = "true"
		Debug.AspNetCompiler.FixedNames = "false"
		Debug.AspNetCompiler.Debug = "True"
		Release.AspNetCompiler.VirtualPath = "/localhost_60507"
		Release.AspNetCompiler.PhysicalPath = "AngularCrud\"
		Release.AspNetCompiler.TargetPath = "PrecompiledWeb\localhost_60507\"
		Release.AspNetCompiler.Updateable = "true"
		Release.AspNetCompiler.ForceOverwrite = "true"
		Release.AspNetCompiler.FixedNames = "false"
		Release.AspNetCompiler.Debug = "False"
		VWDPort = "60507"
	EndProjectSection
EndProject
Global
	GlobalSection(SolutionConfigurationPlatforms) = preSolution
		Debug|Any CPU = Debug|Any CPU
		Release|Any CPU = Release|Any CPU
	EndGlobalSection
	GlobalSection(ProjectConfigurationPlatforms) = postSolution
		{645AA73D-1D5A-410C-B44F-F12F7E239D63}.Debug|Any CPU.ActiveCfg = Debug|Any CPU
		{645AA73D-1D5A-410C-B44F-F12F7E239D63}.Debug|Any CPU.Build.0 = Debug|Any CPU
		{645AA73D-1D5A-410C-B44F-F12F7E239D63}.Release|Any CPU.ActiveCfg = Release|Any CPU
		{645AA73D-1D5A-410C-B44F-F12F7E239D63}.Release|Any CPU.Build.0 = Release|Any CPU
		{3FA8FAD8-1CD4-45E7-A06D-316DB6156497}.Debug|Any CPU.ActiveCfg = Debug|Any CPU
		{3FA8FAD8-1CD4-45E7-A06D-316DB6156497}.Debug|Any CPU.Build.0 = Debug|Any CPU
		{3FA8FAD8-1CD4-45E7-A06D-316DB6156497}.Release|Any CPU.ActiveCfg = Debug|Any CPU
		{3FA8FAD8-1CD4-45E7-A06D-316DB6156497}.Release|Any CPU.Build.0 = Debug|Any CPU
	EndGlobalSection
	GlobalSection(SolutionProperties) = preSolution
		HideSolutionNode = FALSE
	EndGlobalSection
	GlobalSection(ExtensibilityGlobals) = postSolution
		SolutionGuid = {E19EE81D-376B-4AD4-BEB1-CE12135384ED}
	EndGlobalSection
EndGlobal
